
Microsoft Visual Studio Solution File, Format Version 12.00
# Visual Studio 15
VisualStudioVersion = 15.0.28010.2048
MinimumVisualStudioVersion = 10.0.40219.1
Project("{FAE04EC0-301F-11D3-BF4B-00C04F79EFBC}") = "Task1", "Task1\Task1.csproj", "{F3781B67-CE27-4E03-A121-57CB6EC26CD1}"
EndProject
Project("{FAE04EC0-301F-11D3-BF4B-00C04F79EFBC}") = "Task2", "Task2\Task2.csproj", "{517B143E-D25D-4170-9113-966C596E97CA}"
EndProject
Project("{FAE04EC0-301F-11D3-BF4B-00C04F79EFBC}") = "Task5", "Task3\Task5.csproj", "{57D11A3B-6912-4ACB-84A1-FD3857D3EFB9}"
EndProject
Project("{FAE04EC0-301F-11D3-BF4B-00C04F79EFBC}") = "Task6", "Task6\Task6.csproj", "{39460048-FF58-498A-81FE-F859FDD33008}"
EndProject
Project("{FAE04EC0-301F-11D3-BF4B-00C04F79EFBC}") = "Task7", "Task7\Task7.csproj", "{2524A22C-AD7E-4D13-87B3-31A9A9A33BCB}"
EndProject
Project("{FAE04EC0-301F-11D3-BF4B-00C04F79EFBC}") = "Task8", "Task8\Task8.csproj", "{1349F60D-F63D-4BF4-94C7-1E46E2ECCDBC}"
EndProject
Project("{FAE04EC0-301F-11D3-BF4B-00C04F79EFBC}") = "Task9", "Task9\Task9.csproj", "{2FF5AFC6-8566-4C93-8608-5A319576DAE2}"
EndProject
Project("{FAE04EC0-301F-11D3-BF4B-00C04F79EFBC}") = "Task10", "Task10\Task10.csproj", "{286500AB-7E53-483D-BC79-219AFA9EFD0A}"
EndProject
Project("{FAE04EC0-301F-11D3-BF4B-00C04F79EFBC}") = "ConsoleApp12", "ConsoleApp12\ConsoleApp12.csproj", "{4AE80BB1-D346-464F-A593-D3E9069BA98D}"
EndProject
Project("{FAE04EC0-301F-11D3-BF4B-00C04F79EFBC}") = "ConsoleApp13", "ConsoleApp13\ConsoleApp13.csproj", "{0DC9E3F1-1DFD-4353-BA70-DB73FC487F20}"
EndProject
Global
	GlobalSection(SolutionConfigurationPlatforms) = preSolution
		Debug|Any CPU = Debug|Any CPU
		Release|Any CPU = Release|Any CPU
	EndGlobalSection
	GlobalSection(ProjectConfigurationPlatforms) = postSolution
		{F3781B67-CE27-4E03-A121-57CB6EC26CD1}.Debug|Any CPU.ActiveCfg = Debug|Any CPU
		{F3781B67-CE27-4E03-A121-57CB6EC26CD1}.Debug|Any CPU.Build.0 = Debug|Any CPU
		{F3781B67-CE27-4E03-A121-57CB6EC26CD1}.Release|Any CPU.ActiveCfg = Release|Any CPU
		{F3781B67-CE27-4E03-A121-57CB6EC26CD1}.Release|Any CPU.Build.0 = Release|Any CPU
		{517B143E-D25D-4170-9113-966C596E97CA}.Debug|Any CPU.ActiveCfg = Debug|Any CPU
		{517B143E-D25D-4170-9113-966C596E97CA}.Debug|Any CPU.Build.0 = Debug|Any CPU
		{517B143E-D25D-4170-9113-966C596E97CA}.Release|Any CPU.ActiveCfg = Release|Any CPU
		{517B143E-D25D-4170-9113-966C596E97CA}.Release|Any CPU.Build.0 = Release|Any CPU
		{57D11A3B-6912-4ACB-84A1-FD3857D3EFB9}.Debug|Any CPU.ActiveCfg = Debug|Any CPU
		{57D11A3B-6912-4ACB-84A1-FD3857D3EFB9}.Debug|Any CPU.Build.0 = Debug|Any CPU
		{57D11A3B-6912-4ACB-84A1-FD3857D3EFB9}.Release|Any CPU.ActiveCfg = Release|Any CPU
		{57D11A3B-6912-4ACB-84A1-FD3857D3EFB9}.Release|Any CPU.Build.0 = Release|Any CPU
		{39460048-FF58-498A-81FE-F859FDD33008}.Debug|Any CPU.ActiveCfg = Debug|Any CPU
		{39460048-FF58-498A-81FE-F859FDD33008}.Debug|Any CPU.Build.0 = Debug|Any CPU
		{39460048-FF58-498A-81FE-F859FDD33008}.Release|Any CPU.ActiveCfg = Release|Any CPU
		{39460048-FF58-498A-81FE-F859FDD33008}.Release|Any CPU.Build.0 = Release|Any CPU
		{2524A22C-AD7E-4D13-87B3-31A9A9A33BCB}.Debug|Any CPU.ActiveCfg = Debug|Any CPU
		{2524A22C-AD7E-4D13-87B3-31A9A9A33BCB}.Debug|Any CPU.Build.0 = Debug|Any CPU
		{2524A22C-AD7E-4D13-87B3-31A9A9A33BCB}.Release|Any CPU.ActiveCfg = Release|Any CPU
		{2524A22C-AD7E-4D13-87B3-31A9A9A33BCB}.Release|Any CPU.Build.0 = Release|Any CPU
		{1349F60D-F63D-4BF4-94C7-1E46E2ECCDBC}.Debug|Any CPU.ActiveCfg = Debug|Any CPU
		{1349F60D-F63D-4BF4-94C7-1E46E2ECCDBC}.Debug|Any CPU.Build.0 = Debug|Any CPU
		{1349F60D-F63D-4BF4-94C7-1E46E2ECCDBC}.Release|Any CPU.ActiveCfg = Release|Any CPU
		{1349F60D-F63D-4BF4-94C7-1E46E2ECCDBC}.Release|Any CPU.Build.0 = Release|Any CPU
		{2FF5AFC6-8566-4C93-8608-5A319576DAE2}.Debug|Any CPU.ActiveCfg = Debug|Any CPU
		{2FF5AFC6-8566-4C93-8608-5A319576DAE2}.Debug|Any CPU.Build.0 = Debug|Any CPU
		{2FF5AFC6-8566-4C93-8608-5A319576DAE2}.Release|Any CPU.ActiveCfg = Release|Any CPU
		{2FF5AFC6-8566-4C93-8608-5A319576DAE2}.Release|Any CPU.Build.0 = Release|Any CPU
		{286500AB-7E53-483D-BC79-219AFA9EFD0A}.Debug|Any CPU.ActiveCfg = Debug|Any CPU
		{286500AB-7E53-483D-BC79-219AFA9EFD0A}.Debug|Any CPU.Build.0 = Debug|Any CPU
		{286500AB-7E53-483D-BC79-219AFA9EFD0A}.Release|Any CPU.ActiveCfg = Release|Any CPU
		{286500AB-7E53-483D-BC79-219AFA9EFD0A}.Release|Any CPU.Build.0 = Release|Any CPU
		{4AE80BB1-D346-464F-A593-D3E9069BA98D}.Debug|Any CPU.ActiveCfg = Debug|Any CPU
		{4AE80BB1-D346-464F-A593-D3E9069BA98D}.Debug|Any CPU.Build.0 = Debug|Any CPU
		{4AE80BB1-D346-464F-A593-D3E9069BA98D}.Release|Any CPU.ActiveCfg = Release|Any CPU
		{4AE80BB1-D346-464F-A593-D3E9069BA98D}.Release|Any CPU.Build.0 = Release|Any CPU
		{0DC9E3F1-1DFD-4353-BA70-DB73FC487F20}.Debug|Any CPU.ActiveCfg = Debug|Any CPU
		{0DC9E3F1-1DFD-4353-BA70-DB73FC487F20}.Debug|Any CPU.Build.0 = Debug|Any CPU
		{0DC9E3F1-1DFD-4353-BA70-DB73FC487F20}.Release|Any CPU.ActiveCfg = Release|Any CPU
		{0DC9E3F1-1DFD-4353-BA70-DB73FC487F20}.Release|Any CPU.Build.0 = Release|Any CPU
	EndGlobalSection
	GlobalSection(SolutionProperties) = preSolution
		HideSolutionNode = FALSE
	EndGlobalSection
	GlobalSection(ExtensibilityGlobals) = postSolution
		SolutionGuid = {57C5AC14-B1DD-46D2-97A5-1EFF543B843C}
	EndGlobalSection
EndGlobal
